// !$*UTF8*$!
{
	archiveVersion = 1;
	classes = {
	};
	objectVersion = 50;
	objects = {

/* Begin PBXBuildFile section */
		84C71E952598FC9C009767C3 /* AppDelegate.swift in Sources */ = {isa = PBXBuildFile; fileRef = 84C71E942598FC9C009767C3 /* AppDelegate.swift */; };
		84C71E972598FC9C009767C3 /* SceneDelegate.swift in Sources */ = {isa = PBXBuildFile; fileRef = 84C71E962598FC9C009767C3 /* SceneDelegate.swift */; };
		84C71E992598FC9C009767C3 /* ViewController.swift in Sources */ = {isa = PBXBuildFile; fileRef = 84C71E982598FC9C009767C3 /* ViewController.swift */; };
		84C71E9C2598FC9C009767C3 /* Main.storyboard in Resources */ = {isa = PBXBuildFile; fileRef = 84C71E9A2598FC9C009767C3 /* Main.storyboard */; };
		84C71E9E2598FCA0009767C3 /* Assets.xcassets in Resources */ = {isa = PBXBuildFile; fileRef = 84C71E9D2598FCA0009767C3 /* Assets.xcassets */; };
		84C71EA12598FCA0009767C3 /* LaunchScreen.storyboard in Resources */ = {isa = PBXBuildFile; fileRef = 84C71E9F2598FCA0009767C3 /* LaunchScreen.storyboard */; };
		84C71EAC2598FCA1009767C3 /* Stack_itTests.swift in Sources */ = {isa = PBXBuildFile; fileRef = 84C71EAB2598FCA1009767C3 /* Stack_itTests.swift */; };
		84C71EB72598FCA1009767C3 /* Stack_itUITests.swift in Sources */ = {isa = PBXBuildFile; fileRef = 84C71EB62598FCA1009767C3 /* Stack_itUITests.swift */; };
		84C71ECB259A6310009767C3 /* Stack.swift in Sources */ = {isa = PBXBuildFile; fileRef = 84C71ECA259A6310009767C3 /* Stack.swift */; };
		84C71ED1259BCE7D009767C3 /* Model.xcdatamodeld in Sources */ = {isa = PBXBuildFile; fileRef = 84C71ECF259BCE7D009767C3 /* Model.xcdatamodeld */; };
/* End PBXBuildFile section */

/* Begin PBXContainerItemProxy section */
		84C71EA82598FCA1009767C3 /* PBXContainerItemProxy */ = {
			isa = PBXContainerItemProxy;
			containerPortal = 84C71E892598FC9C009767C3 /* Project object */;
			proxyType = 1;
			remoteGlobalIDString = 84C71E902598FC9C009767C3;
			remoteInfo = "Stack it";
		};
		84C71EB32598FCA1009767C3 /* PBXContainerItemProxy */ = {
			isa = PBXContainerItemProxy;
			containerPortal = 84C71E892598FC9C009767C3 /* Project object */;
			proxyType = 1;
			remoteGlobalIDString = 84C71E902598FC9C009767C3;
			remoteInfo = "Stack it";
		};
/* End PBXContainerItemProxy section */

/* Begin PBXFileReference section */
		84C71E912598FC9C009767C3 /* Stack it.app */ = {isa = PBXFileReference; explicitFileType = wrapper.application; includeInIndex = 0; path = "Stack it.app"; sourceTree = BUILT_PRODUCTS_DIR; };
		84C71E942598FC9C009767C3 /* AppDelegate.swift */ = {isa = PBXFileReference; lastKnownFileType = sourcecode.swift; path = AppDelegate.swift; sourceTree = "<group>"; };
		84C71E962598FC9C009767C3 /* SceneDelegate.swift */ = {isa = PBXFileReference; lastKnownFileType = sourcecode.swift; path = SceneDelegate.swift; sourceTree = "<group>"; };
		84C71E982598FC9C009767C3 /* ViewController.swift */ = {isa = PBXFileReference; lastKnownFileType = sourcecode.swift; path = ViewController.swift; sourceTree = "<group>"; };
		84C71E9B2598FC9C009767C3 /* Base */ = {isa = PBXFileReference; lastKnownFileType = file.storyboard; name = Base; path = Base.lproj/Main.storyboard; sourceTree = "<group>"; };
		84C71E9D2598FCA0009767C3 /* Assets.xcassets */ = {isa = PBXFileReference; lastKnownFileType = folder.assetcatalog; path = Assets.xcassets; sourceTree = "<group>"; };
		84C71EA02598FCA0009767C3 /* Base */ = {isa = PBXFileReference; lastKnownFileType = file.storyboard; name = Base; path = Base.lproj/LaunchScreen.storyboard; sourceTree = "<group>"; };
		84C71EA22598FCA0009767C3 /* Info.plist */ = {isa = PBXFileReference; lastKnownFileType = text.plist.xml; path = Info.plist; sourceTree = "<group>"; };
		84C71EA72598FCA1009767C3 /* Stack itTests.xctest */ = {isa = PBXFileReference; explicitFileType = wrapper.cfbundle; includeInIndex = 0; path = "Stack itTests.xctest"; sourceTree = BUILT_PRODUCTS_DIR; };
		84C71EAB2598FCA1009767C3 /* Stack_itTests.swift */ = {isa = PBXFileReference; lastKnownFileType = sourcecode.swift; path = Stack_itTests.swift; sourceTree = "<group>"; };
		84C71EAD2598FCA1009767C3 /* Info.plist */ = {isa = PBXFileReference; lastKnownFileType = text.plist.xml; path = Info.plist; sourceTree = "<group>"; };
		84C71EB22598FCA1009767C3 /* Stack itUITests.xctest */ = {isa = PBXFileReference; explicitFileType = wrapper.cfbundle; includeInIndex = 0; path = "Stack itUITests.xctest"; sourceTree = BUILT_PRODUCTS_DIR; };
		84C71EB62598FCA1009767C3 /* Stack_itUITests.swift */ = {isa = PBXFileReference; lastKnownFileType = sourcecode.swift; path = Stack_itUITests.swift; sourceTree = "<group>"; };
		84C71EB82598FCA1009767C3 /* Info.plist */ = {isa = PBXFileReference; lastKnownFileType = text.plist.xml; path = Info.plist; sourceTree = "<group>"; };
		84C71ECA259A6310009767C3 /* Stack.swift */ = {isa = PBXFileReference; lastKnownFileType = sourcecode.swift; path = Stack.swift; sourceTree = "<group>"; };
		84C71ED0259BCE7D009767C3 /* Model.xcdatamodel */ = {isa = PBXFileReference; lastKnownFileType = wrapper.xcdatamodel; path = Model.xcdatamodel; sourceTree = "<group>"; };
/* End PBXFileReference section */

/* Begin PBXFrameworksBuildPhase section */
		84C71E8E2598FC9C009767C3 /* Frameworks */ = {
			isa = PBXFrameworksBuildPhase;
			buildActionMask = 2147483647;
			files = (
			);
			runOnlyForDeploymentPostprocessing = 0;
		};
		84C71EA42598FCA1009767C3 /* Frameworks */ = {
			isa = PBXFrameworksBuildPhase;
			buildActionMask = 2147483647;
			files = (
			);
			runOnlyForDeploymentPostprocessing = 0;
		};
		84C71EAF2598FCA1009767C3 /* Frameworks */ = {
			isa = PBXFrameworksBuildPhase;
			buildActionMask = 2147483647;
			files = (
			);
			runOnlyForDeploymentPostprocessing = 0;
		};
/* End PBXFrameworksBuildPhase section */

/* Begin PBXGroup section */
		84C71E882598FC9C009767C3 = {
			isa = PBXGroup;
			children = (
				84C71E932598FC9C009767C3 /* Stack it */,
				84C71EAA2598FCA1009767C3 /* Stack itTests */,
				84C71EB52598FCA1009767C3 /* Stack itUITests */,
				84C71E922598FC9C009767C3 /* Products */,
			);
			sourceTree = "<group>";
		};
		84C71E922598FC9C009767C3 /* Products */ = {
			isa = PBXGroup;
			children = (
				84C71E912598FC9C009767C3 /* Stack it.app */,
				84C71EA72598FCA1009767C3 /* Stack itTests.xctest */,
				84C71EB22598FCA1009767C3 /* Stack itUITests.xctest */,
			);
			name = Products;
			sourceTree = "<group>";
		};
		84C71E932598FC9C009767C3 /* Stack it */ = {
			isa = PBXGroup;
			children = (
				84C71E942598FC9C009767C3 /* AppDelegate.swift */,
				84C71E962598FC9C009767C3 /* SceneDelegate.swift */,
				84C71E982598FC9C009767C3 /* ViewController.swift */,
				84C71E9A2598FC9C009767C3 /* Main.storyboard */,
				84C71E9D2598FCA0009767C3 /* Assets.xcassets */,
				84C71E9F2598FCA0009767C3 /* LaunchScreen.storyboard */,
				84C71EA22598FCA0009767C3 /* Info.plist */,
				84C71ECA259A6310009767C3 /* Stack.swift */,
				84C71ECF259BCE7D009767C3 /* Model.xcdatamodeld */,
			);
			path = "Stack it";
			sourceTree = "<group>";
		};
		84C71EAA2598FCA1009767C3 /* Stack itTests */ = {
			isa = PBXGroup;
			children = (
				84C71EAB2598FCA1009767C3 /* Stack_itTests.swift */,
				84C71EAD2598FCA1009767C3 /* Info.plist */,
			);
			path = "Stack itTests";
			sourceTree = "<group>";
		};
		84C71EB52598FCA1009767C3 /* Stack itUITests */ = {
			isa = PBXGroup;
			children = (
				84C71EB62598FCA1009767C3 /* Stack_itUITests.swift */,
				84C71EB82598FCA1009767C3 /* Info.plist */,
			);
			path = "Stack itUITests";
			sourceTree = "<group>";
		};
/* End PBXGroup section */

/* Begin PBXNativeTarget section */
		84C71E902598FC9C009767C3 /* Stack it */ = {
			isa = PBXNativeTarget;
			buildConfigurationList = 84C71EBB2598FCA1009767C3 /* Build configuration list for PBXNativeTarget "Stack it" */;
			buildPhases = (
				84C71E8D2598FC9C009767C3 /* Sources */,
				84C71E8E2598FC9C009767C3 /* Frameworks */,
				84C71E8F2598FC9C009767C3 /* Resources */,
			);
			buildRules = (
			);
			dependencies = (
			);
			name = "Stack it";
			productName = "Stack it";
			productReference = 84C71E912598FC9C009767C3 /* Stack it.app */;
			productType = "com.apple.product-type.application";
		};
		84C71EA62598FCA1009767C3 /* Stack itTests */ = {
			isa = PBXNativeTarget;
			buildConfigurationList = 84C71EBE2598FCA1009767C3 /* Build configuration list for PBXNativeTarget "Stack itTests" */;
			buildPhases = (
				84C71EA32598FCA1009767C3 /* Sources */,
				84C71EA42598FCA1009767C3 /* Frameworks */,
				84C71EA52598FCA1009767C3 /* Resources */,
			);
			buildRules = (
			);
			dependencies = (
				84C71EA92598FCA1009767C3 /* PBXTargetDependency */,
			);
			name = "Stack itTests";
			productName = "Stack itTests";
			productReference = 84C71EA72598FCA1009767C3 /* Stack itTests.xctest */;
			productType = "com.apple.product-type.bundle.unit-test";
		};
		84C71EB12598FCA1009767C3 /* Stack itUITests */ = {
			isa = PBXNativeTarget;
			buildConfigurationList = 84C71EC12598FCA1009767C3 /* Build configuration list for PBXNativeTarget "Stack itUITests" */;
			buildPhases = (
				84C71EAE2598FCA1009767C3 /* Sources */,
				84C71EAF2598FCA1009767C3 /* Frameworks */,
				84C71EB02598FCA1009767C3 /* Resources */,
			);
			buildRules = (
			);
			dependencies = (
				84C71EB42598FCA1009767C3 /* PBXTargetDependency */,
			);
			name = "Stack itUITests";
			productName = "Stack itUITests";
			productReference = 84C71EB22598FCA1009767C3 /* Stack itUITests.xctest */;
			productType = "com.apple.product-type.bundle.ui-testing";
		};
/* End PBXNativeTarget section */

/* Begin PBXProject section */
		84C71E892598FC9C009767C3 /* Project object */ = {
			isa = PBXProject;
			attributes = {
				LastSwiftUpdateCheck = 1230;
				LastUpgradeCheck = 1230;
				TargetAttributes = {
					84C71E902598FC9C009767C3 = {
						CreatedOnToolsVersion = 12.3;
					};
					84C71EA62598FCA1009767C3 = {
						CreatedOnToolsVersion = 12.3;
						TestTargetID = 84C71E902598FC9C009767C3;
					};
					84C71EB12598FCA1009767C3 = {
						CreatedOnToolsVersion = 12.3;
						TestTargetID = 84C71E902598FC9C009767C3;
					};
				};
			};
			buildConfigurationList = 84C71E8C2598FC9C009767C3 /* Build configuration list for PBXProject "Stack it" */;
			compatibilityVersion = "Xcode 9.3";
			developmentRegion = en;
			hasScannedForEncodings = 0;
			knownRegions = (
				en,
				Base,
			);
			mainGroup = 84C71E882598FC9C009767C3;
			productRefGroup = 84C71E922598FC9C009767C3 /* Products */;
			projectDirPath = "";
			projectRoot = "";
			targets = (
				84C71E902598FC9C009767C3 /* Stack it */,
				84C71EA62598FCA1009767C3 /* Stack itTests */,
				84C71EB12598FCA1009767C3 /* Stack itUITests */,
			);
		};
/* End PBXProject section */

/* Begin PBXResourcesBuildPhase section */
		84C71E8F2598FC9C009767C3 /* Resources */ = {
			isa = PBXResourcesBuildPhase;
			buildActionMask = 2147483647;
			files = (
				84C71EA12598FCA0009767C3 /* LaunchScreen.storyboard in Resources */,
				84C71E9E2598FCA0009767C3 /* Assets.xcassets in Resources */,
				84C71E9C2598FC9C009767C3 /* Main.storyboard in Resources */,
			);
			runOnlyForDeploymentPostprocessing = 0;
		};
		84C71EA52598FCA1009767C3 /* Resources */ = {
			isa = PBXResourcesBuildPhase;
			buildActionMask = 2147483647;
			files = (
			);
			runOnlyForDeploymentPostprocessing = 0;
		};
		84C71EB02598FCA1009767C3 /* Resources */ = {
			isa = PBXResourcesBuildPhase;
			buildActionMask = 2147483647;
			files = (
			);
			runOnlyForDeploymentPostprocessing = 0;
		};
/* End PBXResourcesBuildPhase section */

/* Begin PBXSourcesBuildPhase section */
		84C71E8D2598FC9C009767C3 /* Sources */ = {
			isa = PBXSourcesBuildPhase;
			buildActionMask = 2147483647;
			files = (
				84C71ECB259A6310009767C3 /* Stack.swift in Sources */,
				84C71E992598FC9C009767C3 /* ViewController.swift in Sources */,
				84C71ED1259BCE7D009767C3 /* Model.xcdatamodeld in Sources */,
				84C71E952598FC9C009767C3 /* AppDelegate.swift in Sources */,
				84C71E972598FC9C009767C3 /* SceneDelegate.swift in Sources */,
			);
			runOnlyForDeploymentPostprocessing = 0;
		};
		84C71EA32598FCA1009767C3 /* Sources */ = {
			isa = PBXSourcesBuildPhase;
			buildActionMask = 2147483647;
			files = (
				84C71EAC2598FCA1009767C3 /* Stack_itTests.swift in Sources */,
			);
			runOnlyForDeploymentPostprocessing = 0;
		};
		84C71EAE2598FCA1009767C3 /* Sources */ = {
			isa = PBXSourcesBuildPhase;
			buildActionMask = 2147483647;
			files = (
				84C71EB72598FCA1009767C3 /* Stack_itUITests.swift in Sources */,
			);
			runOnlyForDeploymentPostprocessing = 0;
		};
/* End PBXSourcesBuildPhase section */

/* Begin PBXTargetDependency section */
		84C71EA92598FCA1009767C3 /* PBXTargetDependency */ = {
			isa = PBXTargetDependency;
			target = 84C71E902598FC9C009767C3 /* Stack it */;
			targetProxy = 84C71EA82598FCA1009767C3 /* PBXContainerItemProxy */;
		};
		84C71EB42598FCA1009767C3 /* PBXTargetDependency */ = {
			isa = PBXTargetDependency;
			target = 84C71E902598FC9C009767C3 /* Stack it */;
			targetProxy = 84C71EB32598FCA1009767C3 /* PBXContainerItemProxy */;
		};
/* End PBXTargetDependency section */

/* Begin PBXVariantGroup section */
		84C71E9A2598FC9C009767C3 /* Main.storyboard */ = {
			isa = PBXVariantGroup;
			children = (
				84C71E9B2598FC9C009767C3 /* Base */,
			);
			name = Main.storyboard;
			sourceTree = "<group>";
		};
		84C71E9F2598FCA0009767C3 /* LaunchScreen.storyboard */ = {
			isa = PBXVariantGroup;
			children = (
				84C71EA02598FCA0009767C3 /* Base */,
			);
			name = LaunchScreen.storyboard;
			sourceTree = "<group>";
		};
/* End PBXVariantGroup section */

/* Begin XCBuildConfiguration section */
		84C71EB92598FCA1009767C3 /* Debug */ = {
			isa = XCBuildConfiguration;
			buildSettings = {
				ALWAYS_SEARCH_USER_PATHS = NO;
				CLANG_ANALYZER_NONNULL = YES;
				CLANG_ANALYZER_NUMBER_OBJECT_CONVERSION = YES_AGGRESSIVE;
				CLANG_CXX_LANGUAGE_STANDARD = "gnu++14";
				CLANG_CXX_LIBRARY = "libc++";
				CLANG_ENABLE_MODULES = YES;
				CLANG_ENABLE_OBJC_ARC = YES;
				CLANG_ENABLE_OBJC_WEAK = YES;
				CLANG_WARN_BLOCK_CAPTURE_AUTORELEASING = YES;
				CLANG_WARN_BOOL_CONVERSION = YES;
				CLANG_WARN_COMMA = YES;
				CLANG_WARN_CONSTANT_CONVERSION = YES;
				CLANG_WARN_DEPRECATED_OBJC_IMPLEMENTATIONS = YES;
				CLANG_WARN_DIRECT_OBJC_ISA_USAGE = YES_ERROR;
				CLANG_WARN_DOCUMENTATION_COMMENTS = YES;
				CLANG_WARN_EMPTY_BODY = YES;
				CLANG_WARN_ENUM_CONVERSION = YES;
				CLANG_WARN_INFINITE_RECURSION = YES;
				CLANG_WARN_INT_CONVERSION = YES;
				CLANG_WARN_NON_LITERAL_NULL_CONVERSION = YES;
				CLANG_WARN_OBJC_IMPLICIT_RETAIN_SELF = YES;
				CLANG_WARN_OBJC_LITERAL_CONVERSION = YES;
				CLANG_WARN_OBJC_ROOT_CLASS = YES_ERROR;
				CLANG_WARN_QUOTED_INCLUDE_IN_FRAMEWORK_HEADER = YES;
				CLANG_WARN_RANGE_LOOP_ANALYSIS = YES;
				CLANG_WARN_STRICT_PROTOTYPES = YES;
				CLANG_WARN_SUSPICIOUS_MOVE = YES;
				CLANG_WARN_UNGUARDED_AVAILABILITY = YES_AGGRESSIVE;
				CLANG_WARN_UNREACHABLE_CODE = YES;
				CLANG_WARN__DUPLICATE_METHOD_MATCH = YES;
				COPY_PHASE_STRIP = NO;
				DEBUG_INFORMATION_FORMAT = dwarf;
				ENABLE_STRICT_OBJC_MSGSEND = YES;
				ENABLE_TESTABILITY = YES;
				GCC_C_LANGUAGE_STANDARD = gnu11;
				GCC_DYNAMIC_NO_PIC = NO;
				GCC_NO_COMMON_BLOCKS = YES;
				GCC_OPTIMIZATION_LEVEL = 0;
				GCC_PREPROCESSOR_DEFINITIONS = (
					"DEBUG=1",
					"$(inherited)",
				);
				GCC_WARN_64_TO_32_BIT_CONVERSION = YES;
				GCC_WARN_ABOUT_RETURN_TYPE = YES_ERROR;
				GCC_WARN_UNDECLARED_SELECTOR = YES;
				GCC_WARN_UNINITIALIZED_AUTOS = YES_AGGRESSIVE;
				GCC_WARN_UNUSED_FUNCTION = YES;
				GCC_WARN_UNUSED_VARIABLE = YES;
				IPHONEOS_DEPLOYMENT_TARGET = 14.3;
				MTL_ENABLE_DEBUG_INFO = INCLUDE_SOURCE;
				MTL_FAST_MATH = YES;
				ONLY_ACTIVE_ARCH = YES;
				SDKROOT = iphoneos;
				SWIFT_ACTIVE_COMPILATION_CONDITIONS = DEBUG;
				SWIFT_OPTIMIZATION_LEVEL = "-Onone";
			};
			name = Debug;
		};
		84C71EBA2598FCA1009767C3 /* Release */ = {
			isa = XCBuildConfiguration;
			buildSettings = {
				ALWAYS_SEARCH_USER_PATHS = NO;
				CLANG_ANALYZER_NONNULL = YES;
				CLANG_ANALYZER_NUMBER_OBJECT_CONVERSION = YES_AGGRESSIVE;
				CLANG_CXX_LANGUAGE_STANDARD = "gnu++14";
				CLANG_CXX_LIBRARY = "libc++";
				CLANG_ENABLE_MODULES = YES;
				CLANG_ENABLE_OBJC_ARC = YES;
				CLANG_ENABLE_OBJC_WEAK = YES;
				CLANG_WARN_BLOCK_CAPTURE_AUTORELEASING = YES;
				CLANG_WARN_BOOL_CONVERSION = YES;
				CLANG_WARN_COMMA = YES;
				CLANG_WARN_CONSTANT_CONVERSION = YES;
				CLANG_WARN_DEPRECATED_OBJC_IMPLEMENTATIONS = YES;
				CLANG_WARN_DIRECT_OBJC_ISA_USAGE = YES_ERROR;
				CLANG_WARN_DOCUMENTATION_COMMENTS = YES;
				CLANG_WARN_EMPTY_BODY = YES;
				CLANG_WARN_ENUM_CONVERSION = YES;
				CLANG_WARN_INFINITE_RECURSION = YES;
				CLANG_WARN_INT_CONVERSION = YES;
				CLANG_WARN_NON_LITERAL_NULL_CONVERSION = YES;
				CLANG_WARN_OBJC_IMPLICIT_RETAIN_SELF = YES;
				CLANG_WARN_OBJC_LITERAL_CONVERSION = YES;
				CLANG_WARN_OBJC_ROOT_CLASS = YES_ERROR;
				CLANG_WARN_QUOTED_INCLUDE_IN_FRAMEWORK_HEADER = YES;
				CLANG_WARN_RANGE_LOOP_ANALYSIS = YES;
				CLANG_WARN_STRICT_PROTOTYPES = YES;
				CLANG_WARN_SUSPICIOUS_MOVE = YES;
				CLANG_WARN_UNGUARDED_AVAILABILITY = YES_AGGRESSIVE;
				CLANG_WARN_UNREACHABLE_CODE = YES;
				CLANG_WARN__DUPLICATE_METHOD_MATCH = YES;
				COPY_PHASE_STRIP = NO;
				DEBUG_INFORMATION_FORMAT = "dwarf-with-dsym";
				ENABLE_NS_ASSERTIONS = NO;
				ENABLE_STRICT_OBJC_MSGSEND = YES;
				GCC_C_LANGUAGE_STANDARD = gnu11;
				GCC_NO_COMMON_BLOCKS = YES;
				GCC_WARN_64_TO_32_BIT_CONVERSION = YES;
				GCC_WARN_ABOUT_RETURN_TYPE = YES_ERROR;
				GCC_WARN_UNDECLARED_SELECTOR = YES;
				GCC_WARN_UNINITIALIZED_AUTOS = YES_AGGRESSIVE;
				GCC_WARN_UNUSED_FUNCTION = YES;
				GCC_WARN_UNUSED_VARIABLE = YES;
				IPHONEOS_DEPLOYMENT_TARGET = 14.3;
				MTL_ENABLE_DEBUG_INFO = NO;
				MTL_FAST_MATH = YES;
				SDKROOT = iphoneos;
				SWIFT_COMPILATION_MODE = wholemodule;
				SWIFT_OPTIMIZATION_LEVEL = "-O";
				VALIDATE_PRODUCT = YES;
			};
			name = Release;
		};
		84C71EBC2598FCA1009767C3 /* Debug */ = {
			isa = XCBuildConfiguration;
			buildSettings = {
				ASSETCATALOG_COMPILER_APPICON_NAME = AppIcon;
				ASSETCATALOG_COMPILER_GLOBAL_ACCENT_COLOR_NAME = AccentColor;
				CODE_SIGN_STYLE = Automatic;
				DEVELOPMENT_TEAM = NSRR3ZJ57H;
				INFOPLIST_FILE = "Stack it/Info.plist";
				LD_RUNPATH_SEARCH_PATHS = (
					"$(inherited)",
					"@executable_path/Frameworks",
				);
				PRODUCT_BUNDLE_IDENTIFIER = "com.glockmatteo.Stack-it";
				PRODUCT_NAME = "$(TARGET_NAME)";
				SWIFT_VERSION = 5.0;
				TARGETED_DEVICE_FAMILY = "1,2";
			};
			name = Debug;
		};
		84C71EBD2598FCA1009767C3 /* Release */ = {
			isa = XCBuildConfiguration;
			buildSettings = {
				ASSETCATALOG_COMPILER_APPICON_NAME = AppIcon;
				ASSETCATALOG_COMPILER_GLOBAL_ACCENT_COLOR_NAME = AccentColor;
				CODE_SIGN_STYLE = Automatic;
				DEVELOPMENT_TEAM = NSRR3ZJ57H;
				INFOPLIST_FILE = "Stack it/Info.plist";
				LD_RUNPATH_SEARCH_PATHS = (
					"$(inherited)",
					"@executable_path/Frameworks",
				);
				PRODUCT_BUNDLE_IDENTIFIER = "com.glockmatteo.Stack-it";
				PRODUCT_NAME = "$(TARGET_NAME)";
				SWIFT_VERSION = 5.0;
				TARGETED_DEVICE_FAMILY = "1,2";
			};
			name = Release;
		};
		84C71EBF2598FCA1009767C3 /* Debug */ = {
			isa = XCBuildConfiguration;
			buildSettings = {
				ALWAYS_EMBED_SWIFT_STANDARD_LIBRARIES = YES;
				BUNDLE_LOADER = "$(TEST_HOST)";
				CODE_SIGN_STYLE = Automatic;
				DEVELOPMENT_TEAM = NSRR3ZJ57H;
				INFOPLIST_FILE = "Stack itTests/Info.plist";
				IPHONEOS_DEPLOYMENT_TARGET = 14.3;
				LD_RUNPATH_SEARCH_PATHS = (
					"$(inherited)",
					"@executable_path/Frameworks",
					"@loader_path/Frameworks",
				);
				PRODUCT_BUNDLE_IDENTIFIER = "com.glockmatteo.Stack-itTests";
				PRODUCT_NAME = "$(TARGET_NAME)";
				SWIFT_VERSION = 5.0;
				TARGETED_DEVICE_FAMILY = "1,2";
				TEST_HOST = "$(BUILT_PRODUCTS_DIR)/Stack it.app/Stack it";
			};
			name = Debug;
		};
		84C71EC02598FCA1009767C3 /* Release */ = {
			isa = XCBuildConfiguration;
			buildSettings = {
				ALWAYS_EMBED_SWIFT_STANDARD_LIBRARIES = YES;
				BUNDLE_LOADER = "$(TEST_HOST)";
				CODE_SIGN_STYLE = Automatic;
				DEVELOPMENT_TEAM = NSRR3ZJ57H;
				INFOPLIST_FILE = "Stack itTests/Info.plist";
				IPHONEOS_DEPLOYMENT_TARGET = 14.3;
				LD_RUNPATH_SEARCH_PATHS = (
					"$(inherited)",
					"@executable_path/Frameworks",
					"@loader_path/Frameworks",
				);
				PRODUCT_BUNDLE_IDENTIFIER = "com.glockmatteo.Stack-itTests";
				PRODUCT_NAME = "$(TARGET_NAME)";
				SWIFT_VERSION = 5.0;
				TARGETED_DEVICE_FAMILY = "1,2";
				TEST_HOST = "$(BUILT_PRODUCTS_DIR)/Stack it.app/Stack it";
			};
			name = Release;
		};
		84C71EC22598FCA1009767C3 /* Debug */ = {
			isa = XCBuildConfiguration;
			buildSettings = {
				ALWAYS_EMBED_SWIFT_STANDARD_LIBRARIES = YES;
				CODE_SIGN_STYLE = Automatic;
				DEVELOPMENT_TEAM = NSRR3ZJ57H;
				INFOPLIST_FILE = "Stack itUITests/Info.plist";
				LD_RUNPATH_SEARCH_PATHS = (
					"$(inherited)",
					"@executable_path/Frameworks",
					"@loader_path/Frameworks",
				);
				PRODUCT_BUNDLE_IDENTIFIER = "com.glockmatteo.Stack-itUITests";
				PRODUCT_NAME = "$(TARGET_NAME)";
				SWIFT_VERSION = 5.0;
				TARGETED_DEVICE_FAMILY = "1,2";
				TEST_TARGET_NAME = "Stack it";
			};
			name = Debug;
		};
		84C71EC32598FCA1009767C3 /* Release */ = {
			isa = XCBuildConfiguration;
			buildSettings = {
				ALWAYS_EMBED_SWIFT_STANDARD_LIBRARIES = YES;
				CODE_SIGN_STYLE = Automatic;
				DEVELOPMENT_TEAM = NSRR3ZJ57H;
				INFOPLIST_FILE = "Stack itUITests/Info.plist";
				LD_RUNPATH_SEARCH_PATHS = (
					"$(inherited)",
					"@executable_path/Frameworks",
					"@loader_path/Frameworks",
				);
				PRODUCT_BUNDLE_IDENTIFIER = "com.glockmatteo.Stack-itUITests";
				PRODUCT_NAME = "$(TARGET_NAME)";
				SWIFT_VERSION = 5.0;
				TARGETED_DEVICE_FAMILY = "1,2";
				TEST_TARGET_NAME = "Stack it";
			};
			name = Release;
		};
/* End XCBuildConfiguration section */

/* Begin XCConfigurationList section */
		84C71E8C2598FC9C009767C3 /* Build configuration list for PBXProject "Stack it" */ = {
			isa = XCConfigurationList;
			buildConfigurations = (
				84C71EB92598FCA1009767C3 /* Debug */,
				84C71EBA2598FCA1009767C3 /* Release */,
			);
			defaultConfigurationIsVisible = 0;
			defaultConfigurationName = Release;
		};
		84C71EBB2598FCA1009767C3 /* Build configuration list for PBXNativeTarget "Stack it" */ = {
			isa = XCConfigurationList;
			buildConfigurations = (
				84C71EBC2598FCA1009767C3 /* Debug */,
				84C71EBD2598FCA1009767C3 /* Release */,
			);
			defaultConfigurationIsVisible = 0;
			defaultConfigurationName = Release;
		};
		84C71EBE2598FCA1009767C3 /* Build configuration list for PBXNativeTarget "Stack itTests" */ = {
			isa = XCConfigurationList;
			buildConfigurations = (
				84C71EBF2598FCA1009767C3 /* Debug */,
				84C71EC02598FCA1009767C3 /* Release */,
			);
			defaultConfigurationIsVisible = 0;
			defaultConfigurationName = Release;
		};
		84C71EC12598FCA1009767C3 /* Build configuration list for PBXNativeTarget "Stack itUITests" */ = {
			isa = XCConfigurationList;
			buildConfigurations = (
				84C71EC22598FCA1009767C3 /* Debug */,
				84C71EC32598FCA1009767C3 /* Release */,
			);
			defaultConfigurationIsVisible = 0;
			defaultConfigurationName = Release;
		};
/* End XCConfigurationList section */

/* Begin XCVersionGroup section */
		84C71ECF259BCE7D009767C3 /* Model.xcdatamodeld */ = {
			isa = XCVersionGroup;
			children = (
				84C71ED0259BCE7D009767C3 /* Model.xcdatamodel */,
			);
			currentVersion = 84C71ED0259BCE7D009767C3 /* Model.xcdatamodel */;
			path = Model.xcdatamodeld;
			sourceTree = "<group>";
			versionGroupType = wrapper.xcdatamodel;
		};
/* End XCVersionGroup section */
	};
	rootObject = 84C71E892598FC9C009767C3 /* Project object */;
}
